// !$*UTF8*$!
{
	archiveVersion = 1;
	classes = {
	};
	objectVersion = 46;
	objects = {

/* Begin PBXBuildFile section */
		8B67C8A31CFF4D2800A56D80 /* UIButtonExtension.swift in Sources */ = {isa = PBXBuildFile; fileRef = 8B67C8A21CFF4D2800A56D80 /* UIButtonExtension.swift */; };
		8BCE20DC1CFAE4FB00E85024 /* StringExtension.swift in Sources */ = {isa = PBXBuildFile; fileRef = 8BCE20DB1CFAE4FB00E85024 /* StringExtension.swift */; };
		DD1F45E51D32416400AA584A /* OrderExtension.swift in Sources */ = {isa = PBXBuildFile; fileRef = DD1F45E41D32416400AA584A /* OrderExtension.swift */; };
		DD1F45E71D32417E00AA584A /* CheckoutExtension.swift in Sources */ = {isa = PBXBuildFile; fileRef = DD1F45E61D32417E00AA584A /* CheckoutExtension.swift */; };
		DD447D8E1FD1AD7400001B52 /* AplazameSDK.framework in Frameworks */ = {isa = PBXBuildFile; fileRef = DD447D891FD1AC2F00001B52 /* AplazameSDK.framework */; };
		DD886EE61CDE090600B076C6 /* AppDelegate.swift in Sources */ = {isa = PBXBuildFile; fileRef = DD886EE51CDE090600B076C6 /* AppDelegate.swift */; };
		DD886EE81CDE090600B076C6 /* ViewController.swift in Sources */ = {isa = PBXBuildFile; fileRef = DD886EE71CDE090600B076C6 /* ViewController.swift */; };
		DD886EEB1CDE090600B076C6 /* Main.storyboard in Resources */ = {isa = PBXBuildFile; fileRef = DD886EE91CDE090600B076C6 /* Main.storyboard */; };
		DD886EED1CDE090600B076C6 /* Assets.xcassets in Resources */ = {isa = PBXBuildFile; fileRef = DD886EEC1CDE090600B076C6 /* Assets.xcassets */; };
		DD886EF01CDE090600B076C6 /* LaunchScreen.storyboard in Resources */ = {isa = PBXBuildFile; fileRef = DD886EEE1CDE090600B076C6 /* LaunchScreen.storyboard */; };
		DDDDC26D1CECE08D00EE8814 /* OrderTableViewController.swift in Sources */ = {isa = PBXBuildFile; fileRef = DDDDC26C1CECE08D00EE8814 /* OrderTableViewController.swift */; };
		DDDDC26F1CECE35B00EE8814 /* ArticleCell.swift in Sources */ = {isa = PBXBuildFile; fileRef = DDDDC26E1CECE35B00EE8814 /* ArticleCell.swift */; };
		DDDDC2711CECE39000EE8814 /* QuoteDetailCell.swift in Sources */ = {isa = PBXBuildFile; fileRef = DDDDC2701CECE39000EE8814 /* QuoteDetailCell.swift */; };
		DDDDC2731CECE3C400EE8814 /* TotalCell.swift in Sources */ = {isa = PBXBuildFile; fileRef = DDDDC2721CECE3C400EE8814 /* TotalCell.swift */; };
		DDDDC27C1CECF36D00EE8814 /* PriceExtension.swift in Sources */ = {isa = PBXBuildFile; fileRef = DDDDC27B1CECF36D00EE8814 /* PriceExtension.swift */; };
		DDDDC27E1CECF38200EE8814 /* ImageViewExtension.swift in Sources */ = {isa = PBXBuildFile; fileRef = DDDDC27D1CECF38200EE8814 /* ImageViewExtension.swift */; };
		DDDDC2801CECF55700EE8814 /* AppearanceExtension.swift in Sources */ = {isa = PBXBuildFile; fileRef = DDDDC27F1CECF55700EE8814 /* AppearanceExtension.swift */; };
/* End PBXBuildFile section */

/* Begin PBXContainerItemProxy section */
		DD447D881FD1AC2F00001B52 /* PBXContainerItemProxy */ = {
			isa = PBXContainerItemProxy;
			containerPortal = DD447D821FD1AC2F00001B52 /* Aplazame-ios-sdk.xcodeproj */;
			proxyType = 2;
			remoteGlobalIDString = DD6601811CDBA2ED00C6E600;
			remoteInfo = "Aplazame iOS SDK";
		};
		DD447D8A1FD1AC2F00001B52 /* PBXContainerItemProxy */ = {
			isa = PBXContainerItemProxy;
			containerPortal = DD447D821FD1AC2F00001B52 /* Aplazame-ios-sdk.xcodeproj */;
			proxyType = 2;
			remoteGlobalIDString = DD66018B1CDBA2ED00C6E600;
			remoteInfo = "Aplazame iOS SDK Tests";
		};
		DD447D8C1FD1AD0500001B52 /* PBXContainerItemProxy */ = {
			isa = PBXContainerItemProxy;
			containerPortal = DD447D821FD1AC2F00001B52 /* Aplazame-ios-sdk.xcodeproj */;
			proxyType = 1;
			remoteGlobalIDString = DD6601801CDBA2ED00C6E600;
			remoteInfo = "Aplazame iOS SDK";
		};
/* End PBXContainerItemProxy section */

/* Begin PBXCopyFilesBuildPhase section */
		8B4BB6A31CF4BBF8001BBD31 /* Embed Frameworks */ = {
			isa = PBXCopyFilesBuildPhase;
			buildActionMask = 2147483647;
			dstPath = "";
			dstSubfolderSpec = 10;
			files = (
			);
			name = "Embed Frameworks";
			runOnlyForDeploymentPostprocessing = 0;
		};
/* End PBXCopyFilesBuildPhase section */

/* Begin PBXFileReference section */
		8B67C8A21CFF4D2800A56D80 /* UIButtonExtension.swift */ = {isa = PBXFileReference; fileEncoding = 4; lastKnownFileType = sourcecode.swift; path = UIButtonExtension.swift; sourceTree = "<group>"; };
		8BCE20DB1CFAE4FB00E85024 /* StringExtension.swift */ = {isa = PBXFileReference; fileEncoding = 4; lastKnownFileType = sourcecode.swift; path = StringExtension.swift; sourceTree = "<group>"; };
		DD1F45E41D32416400AA584A /* OrderExtension.swift */ = {isa = PBXFileReference; fileEncoding = 4; lastKnownFileType = sourcecode.swift; path = OrderExtension.swift; sourceTree = "<group>"; };
		DD1F45E61D32417E00AA584A /* CheckoutExtension.swift */ = {isa = PBXFileReference; fileEncoding = 4; lastKnownFileType = sourcecode.swift; path = CheckoutExtension.swift; sourceTree = "<group>"; };
		DD447D821FD1AC2F00001B52 /* Aplazame-ios-sdk.xcodeproj */ = {isa = PBXFileReference; lastKnownFileType = "wrapper.pb-project"; name = "Aplazame-ios-sdk.xcodeproj"; path = "../Aplazame-ios-sdk.xcodeproj"; sourceTree = "<group>"; };
		DD886EE21CDE090600B076C6 /* Aplazame-ios-sdk-demo.app */ = {isa = PBXFileReference; explicitFileType = wrapper.application; includeInIndex = 0; path = "Aplazame-ios-sdk-demo.app"; sourceTree = BUILT_PRODUCTS_DIR; };
		DD886EE51CDE090600B076C6 /* AppDelegate.swift */ = {isa = PBXFileReference; lastKnownFileType = sourcecode.swift; path = AppDelegate.swift; sourceTree = "<group>"; };
		DD886EE71CDE090600B076C6 /* ViewController.swift */ = {isa = PBXFileReference; lastKnownFileType = sourcecode.swift; path = ViewController.swift; sourceTree = "<group>"; };
		DD886EEA1CDE090600B076C6 /* Base */ = {isa = PBXFileReference; lastKnownFileType = file.storyboard; name = Base; path = Base.lproj/Main.storyboard; sourceTree = "<group>"; };
		DD886EEC1CDE090600B076C6 /* Assets.xcassets */ = {isa = PBXFileReference; lastKnownFileType = folder.assetcatalog; path = Assets.xcassets; sourceTree = "<group>"; };
		DD886EEF1CDE090600B076C6 /* Base */ = {isa = PBXFileReference; lastKnownFileType = file.storyboard; name = Base; path = Base.lproj/LaunchScreen.storyboard; sourceTree = "<group>"; };
		DD886EF11CDE090600B076C6 /* Info.plist */ = {isa = PBXFileReference; lastKnownFileType = text.plist.xml; path = Info.plist; sourceTree = "<group>"; };
		DDDDC26C1CECE08D00EE8814 /* OrderTableViewController.swift */ = {isa = PBXFileReference; fileEncoding = 4; lastKnownFileType = sourcecode.swift; path = OrderTableViewController.swift; sourceTree = "<group>"; };
		DDDDC26E1CECE35B00EE8814 /* ArticleCell.swift */ = {isa = PBXFileReference; fileEncoding = 4; lastKnownFileType = sourcecode.swift; path = ArticleCell.swift; sourceTree = "<group>"; };
		DDDDC2701CECE39000EE8814 /* QuoteDetailCell.swift */ = {isa = PBXFileReference; fileEncoding = 4; lastKnownFileType = sourcecode.swift; path = QuoteDetailCell.swift; sourceTree = "<group>"; };
		DDDDC2721CECE3C400EE8814 /* TotalCell.swift */ = {isa = PBXFileReference; fileEncoding = 4; lastKnownFileType = sourcecode.swift; path = TotalCell.swift; sourceTree = "<group>"; };
		DDDDC27B1CECF36D00EE8814 /* PriceExtension.swift */ = {isa = PBXFileReference; fileEncoding = 4; lastKnownFileType = sourcecode.swift; path = PriceExtension.swift; sourceTree = "<group>"; };
		DDDDC27D1CECF38200EE8814 /* ImageViewExtension.swift */ = {isa = PBXFileReference; fileEncoding = 4; lastKnownFileType = sourcecode.swift; path = ImageViewExtension.swift; sourceTree = "<group>"; };
		DDDDC27F1CECF55700EE8814 /* AppearanceExtension.swift */ = {isa = PBXFileReference; fileEncoding = 4; lastKnownFileType = sourcecode.swift; path = AppearanceExtension.swift; sourceTree = "<group>"; };
/* End PBXFileReference section */

/* Begin PBXFrameworksBuildPhase section */
		DD886EDF1CDE090600B076C6 /* Frameworks */ = {
			isa = PBXFrameworksBuildPhase;
			buildActionMask = 2147483647;
			files = (
				DD447D8E1FD1AD7400001B52 /* AplazameSDK.framework in Frameworks */,
			);
			runOnlyForDeploymentPostprocessing = 0;
		};
/* End PBXFrameworksBuildPhase section */

/* Begin PBXGroup section */
		DD447D811FD1AC2F00001B52 /* Frameworks */ = {
			isa = PBXGroup;
			children = (
				DD447D821FD1AC2F00001B52 /* Aplazame-ios-sdk.xcodeproj */,
			);
			name = Frameworks;
			sourceTree = "<group>";
		};
		DD447D831FD1AC2F00001B52 /* Products */ = {
			isa = PBXGroup;
			children = (
				DD447D891FD1AC2F00001B52 /* AplazameSDK.framework */,
				DD447D8B1FD1AC2F00001B52 /* AplazameSDK-Tests.xctest */,
			);
			name = Products;
			sourceTree = "<group>";
		};
		DD886ED91CDE090600B076C6 = {
			isa = PBXGroup;
			children = (
				DD886EE41CDE090600B076C6 /* Source */,
				DD886EE31CDE090600B076C6 /* Products */,
				DD447D811FD1AC2F00001B52 /* Frameworks */,
			);
			sourceTree = "<group>";
		};
		DD886EE31CDE090600B076C6 /* Products */ = {
			isa = PBXGroup;
			children = (
				DD886EE21CDE090600B076C6 /* Aplazame-ios-sdk-demo.app */,
			);
			name = Products;
			sourceTree = "<group>";
		};
		DD886EE41CDE090600B076C6 /* Source */ = {
			isa = PBXGroup;
			children = (
				DD886EE51CDE090600B076C6 /* AppDelegate.swift */,
				DDDDC26C1CECE08D00EE8814 /* OrderTableViewController.swift */,
				DD886EE71CDE090600B076C6 /* ViewController.swift */,
				8BCE20DB1CFAE4FB00E85024 /* StringExtension.swift */,
				DD1F45E41D32416400AA584A /* OrderExtension.swift */,
				DD1F45E61D32417E00AA584A /* CheckoutExtension.swift */,
				DD886EE91CDE090600B076C6 /* Main.storyboard */,
				DDDDC26E1CECE35B00EE8814 /* ArticleCell.swift */,
				DDDDC2701CECE39000EE8814 /* QuoteDetailCell.swift */,
				DDDDC2721CECE3C400EE8814 /* TotalCell.swift */,
				DD886EEC1CDE090600B076C6 /* Assets.xcassets */,
				DD886EEE1CDE090600B076C6 /* LaunchScreen.storyboard */,
				DD886EF11CDE090600B076C6 /* Info.plist */,
				DDDDC27B1CECF36D00EE8814 /* PriceExtension.swift */,
				DDDDC27D1CECF38200EE8814 /* ImageViewExtension.swift */,
				DDDDC27F1CECF55700EE8814 /* AppearanceExtension.swift */,
				8B67C8A21CFF4D2800A56D80 /* UIButtonExtension.swift */,
			);
			path = Source;
			sourceTree = "<group>";
		};
/* End PBXGroup section */

/* Begin PBXNativeTarget section */
		DD886EE11CDE090600B076C6 /* Aplazame-ios-sdk-demo */ = {
			isa = PBXNativeTarget;
			buildConfigurationList = DD886F0A1CDE090700B076C6 /* Build configuration list for PBXNativeTarget "Aplazame-ios-sdk-demo" */;
			buildPhases = (
				DD886EDE1CDE090600B076C6 /* Sources */,
				DD886EDF1CDE090600B076C6 /* Frameworks */,
				DD886EE01CDE090600B076C6 /* Resources */,
				8B4BB6A31CF4BBF8001BBD31 /* Embed Frameworks */,
			);
			buildRules = (
			);
			dependencies = (
				DD447D8D1FD1AD0500001B52 /* PBXTargetDependency */,
			);
			name = "Aplazame-ios-sdk-demo";
			productName = "Aplazame-ios-sdk-demo";
			productReference = DD886EE21CDE090600B076C6 /* Aplazame-ios-sdk-demo.app */;
			productType = "com.apple.product-type.application";
		};
/* End PBXNativeTarget section */

/* Begin PBXProject section */
		DD886EDA1CDE090600B076C6 /* Project object */ = {
			isa = PBXProject;
			attributes = {
				LastSwiftUpdateCheck = 0730;
				LastUpgradeCheck = 0910;
				ORGANIZATIONNAME = "Aplazame";
				TargetAttributes = {
					DD886EE11CDE090600B076C6 = {
						CreatedOnToolsVersion = 7.3;
						LastSwiftMigration = 0910;
					};
				};
			};
			buildConfigurationList = DD886EDD1CDE090600B076C6 /* Build configuration list for PBXProject "Aplazame-ios-sdk-demo" */;
			compatibilityVersion = "Xcode 3.2";
			developmentRegion = English;
			hasScannedForEncodings = 0;
			knownRegions = (
				en,
				Base,
			);
			mainGroup = DD886ED91CDE090600B076C6;
			productRefGroup = DD886EE31CDE090600B076C6 /* Products */;
			projectDirPath = "";
			projectReferences = (
				{
					ProductGroup = DD447D831FD1AC2F00001B52 /* Products */;
					ProjectRef = DD447D821FD1AC2F00001B52 /* Aplazame-ios-sdk.xcodeproj */;
				},
			);
			projectRoot = "";
			targets = (
				DD886EE11CDE090600B076C6 /* Aplazame-ios-sdk-demo */,
			);
		};
/* End PBXProject section */

/* Begin PBXReferenceProxy section */
		DD447D891FD1AC2F00001B52 /* AplazameSDK.framework */ = {
			isa = PBXReferenceProxy;
			fileType = wrapper.framework;
			path = AplazameSDK.framework;
			remoteRef = DD447D881FD1AC2F00001B52 /* PBXContainerItemProxy */;
			sourceTree = BUILT_PRODUCTS_DIR;
		};
		DD447D8B1FD1AC2F00001B52 /* AplazameSDK-Tests.xctest */ = {
			isa = PBXReferenceProxy;
			fileType = wrapper.cfbundle;
			path = "AplazameSDK-Tests.xctest";
			remoteRef = DD447D8A1FD1AC2F00001B52 /* PBXContainerItemProxy */;
			sourceTree = BUILT_PRODUCTS_DIR;
		};
/* End PBXReferenceProxy section */

/* Begin PBXResourcesBuildPhase section */
		DD886EE01CDE090600B076C6 /* Resources */ = {
			isa = PBXResourcesBuildPhase;
			buildActionMask = 2147483647;
			files = (
				DD886EF01CDE090600B076C6 /* LaunchScreen.storyboard in Resources */,
				DD886EED1CDE090600B076C6 /* Assets.xcassets in Resources */,
				DD886EEB1CDE090600B076C6 /* Main.storyboard in Resources */,
			);
			runOnlyForDeploymentPostprocessing = 0;
		};
/* End PBXResourcesBuildPhase section */

/* Begin PBXSourcesBuildPhase section */
		DD886EDE1CDE090600B076C6 /* Sources */ = {
			isa = PBXSourcesBuildPhase;
			buildActionMask = 2147483647;
			files = (
				DDDDC2711CECE39000EE8814 /* QuoteDetailCell.swift in Sources */,
				8B67C8A31CFF4D2800A56D80 /* UIButtonExtension.swift in Sources */,
				DDDDC26F1CECE35B00EE8814 /* ArticleCell.swift in Sources */,
				8BCE20DC1CFAE4FB00E85024 /* StringExtension.swift in Sources */,
				DD1F45E51D32416400AA584A /* OrderExtension.swift in Sources */,
				DDDDC27C1CECF36D00EE8814 /* PriceExtension.swift in Sources */,
				DD886EE81CDE090600B076C6 /* ViewController.swift in Sources */,
				DDDDC2801CECF55700EE8814 /* AppearanceExtension.swift in Sources */,
				DD1F45E71D32417E00AA584A /* CheckoutExtension.swift in Sources */,
				DDDDC26D1CECE08D00EE8814 /* OrderTableViewController.swift in Sources */,
				DDDDC2731CECE3C400EE8814 /* TotalCell.swift in Sources */,
				DDDDC27E1CECF38200EE8814 /* ImageViewExtension.swift in Sources */,
				DD886EE61CDE090600B076C6 /* AppDelegate.swift in Sources */,
			);
			runOnlyForDeploymentPostprocessing = 0;
		};
/* End PBXSourcesBuildPhase section */

/* Begin PBXTargetDependency section */
		DD447D8D1FD1AD0500001B52 /* PBXTargetDependency */ = {
			isa = PBXTargetDependency;
			name = "Aplazame iOS SDK";
			targetProxy = DD447D8C1FD1AD0500001B52 /* PBXContainerItemProxy */;
		};
/* End PBXTargetDependency section */

/* Begin PBXVariantGroup section */
		DD886EE91CDE090600B076C6 /* Main.storyboard */ = {
			isa = PBXVariantGroup;
			children = (
				DD886EEA1CDE090600B076C6 /* Base */,
			);
			name = Main.storyboard;
			sourceTree = "<group>";
		};
		DD886EEE1CDE090600B076C6 /* LaunchScreen.storyboard */ = {
			isa = PBXVariantGroup;
			children = (
				DD886EEF1CDE090600B076C6 /* Base */,
			);
			name = LaunchScreen.storyboard;
			sourceTree = "<group>";
		};
/* End PBXVariantGroup section */

/* Begin XCBuildConfiguration section */
		DD886F081CDE090700B076C6 /* Debug */ = {
			isa = XCBuildConfiguration;
			buildSettings = {
				ALWAYS_SEARCH_USER_PATHS = NO;
				CLANG_ANALYZER_NONNULL = YES;
				CLANG_CXX_LANGUAGE_STANDARD = "gnu++0x";
				CLANG_CXX_LIBRARY = "libc++";
				CLANG_ENABLE_MODULES = YES;
				CLANG_ENABLE_OBJC_ARC = YES;
				CLANG_WARN_BLOCK_CAPTURE_AUTORELEASING = YES;
				CLANG_WARN_BOOL_CONVERSION = YES;
				CLANG_WARN_COMMA = YES;
				CLANG_WARN_CONSTANT_CONVERSION = YES;
				CLANG_WARN_DIRECT_OBJC_ISA_USAGE = YES_ERROR;
				CLANG_WARN_EMPTY_BODY = YES;
				CLANG_WARN_ENUM_CONVERSION = YES;
				CLANG_WARN_INFINITE_RECURSION = YES;
				CLANG_WARN_INT_CONVERSION = YES;
				CLANG_WARN_NON_LITERAL_NULL_CONVERSION = YES;
				CLANG_WARN_OBJC_LITERAL_CONVERSION = YES;
				CLANG_WARN_OBJC_ROOT_CLASS = YES_ERROR;
				CLANG_WARN_RANGE_LOOP_ANALYSIS = YES;
				CLANG_WARN_STRICT_PROTOTYPES = YES;
				CLANG_WARN_SUSPICIOUS_MOVE = YES;
				CLANG_WARN_UNREACHABLE_CODE = YES;
				CLANG_WARN__DUPLICATE_METHOD_MATCH = YES;
				"CODE_SIGN_IDENTITY[sdk=iphoneos*]" = "iPhone Developer";
				COPY_PHASE_STRIP = NO;
				DEBUG_INFORMATION_FORMAT = dwarf;
				ENABLE_STRICT_OBJC_MSGSEND = YES;
				ENABLE_TESTABILITY = YES;
				GCC_C_LANGUAGE_STANDARD = gnu99;
				GCC_DYNAMIC_NO_PIC = NO;
				GCC_NO_COMMON_BLOCKS = YES;
				GCC_OPTIMIZATION_LEVEL = 0;
				GCC_PREPROCESSOR_DEFINITIONS = (
					"DEBUG=1",
					"$(inherited)",
				);
				GCC_WARN_64_TO_32_BIT_CONVERSION = YES;
				GCC_WARN_ABOUT_RETURN_TYPE = YES_ERROR;
				GCC_WARN_UNDECLARED_SELECTOR = YES;
				GCC_WARN_UNINITIALIZED_AUTOS = YES_AGGRESSIVE;
				GCC_WARN_UNUSED_FUNCTION = YES;
				GCC_WARN_UNUSED_VARIABLE = YES;
				IPHONEOS_DEPLOYMENT_TARGET = 9.3;
				MTL_ENABLE_DEBUG_INFO = YES;
				ONLY_ACTIVE_ARCH = YES;
				SDKROOT = iphoneos;
				SWIFT_OPTIMIZATION_LEVEL = "-Onone";
			};
			name = Debug;
		};
		DD886F091CDE090700B076C6 /* Release */ = {
			isa = XCBuildConfiguration;
			buildSettings = {
				ALWAYS_SEARCH_USER_PATHS = NO;
				CLANG_ANALYZER_NONNULL = YES;
				CLANG_CXX_LANGUAGE_STANDARD = "gnu++0x";
				CLANG_CXX_LIBRARY = "libc++";
				CLANG_ENABLE_MODULES = YES;
				CLANG_ENABLE_OBJC_ARC = YES;
				CLANG_WARN_BLOCK_CAPTURE_AUTORELEASING = YES;
				CLANG_WARN_BOOL_CONVERSION = YES;
				CLANG_WARN_COMMA = YES;
				CLANG_WARN_CONSTANT_CONVERSION = YES;
				CLANG_WARN_DIRECT_OBJC_ISA_USAGE = YES_ERROR;
				CLANG_WARN_EMPTY_BODY = YES;
				CLANG_WARN_ENUM_CONVERSION = YES;
				CLANG_WARN_INFINITE_RECURSION = YES;
				CLANG_WARN_INT_CONVERSION = YES;
				CLANG_WARN_NON_LITERAL_NULL_CONVERSION = YES;
				CLANG_WARN_OBJC_LITERAL_CONVERSION = YES;
				CLANG_WARN_OBJC_ROOT_CLASS = YES_ERROR;
				CLANG_WARN_RANGE_LOOP_ANALYSIS = YES;
				CLANG_WARN_STRICT_PROTOTYPES = YES;
				CLANG_WARN_SUSPICIOUS_MOVE = YES;
				CLANG_WARN_UNREACHABLE_CODE = YES;
				CLANG_WARN__DUPLICATE_METHOD_MATCH = YES;
				"CODE_SIGN_IDENTITY[sdk=iphoneos*]" = "iPhone Developer";
				COPY_PHASE_STRIP = NO;
				DEBUG_INFORMATION_FORMAT = "dwarf-with-dsym";
				ENABLE_NS_ASSERTIONS = NO;
				ENABLE_STRICT_OBJC_MSGSEND = YES;
				GCC_C_LANGUAGE_STANDARD = gnu99;
				GCC_NO_COMMON_BLOCKS = YES;
				GCC_WARN_64_TO_32_BIT_CONVERSION = YES;
				GCC_WARN_ABOUT_RETURN_TYPE = YES_ERROR;
				GCC_WARN_UNDECLARED_SELECTOR = YES;
				GCC_WARN_UNINITIALIZED_AUTOS = YES_AGGRESSIVE;
				GCC_WARN_UNUSED_FUNCTION = YES;
				GCC_WARN_UNUSED_VARIABLE = YES;
				IPHONEOS_DEPLOYMENT_TARGET = 9.3;
				MTL_ENABLE_DEBUG_INFO = NO;
				SDKROOT = iphoneos;
				SWIFT_OPTIMIZATION_LEVEL = "-Owholemodule";
				VALIDATE_PRODUCT = YES;
			};
			name = Release;
		};
		DD886F0B1CDE090700B076C6 /* Debug */ = {
			isa = XCBuildConfiguration;
			buildSettings = {
				ASSETCATALOG_COMPILER_APPICON_NAME = AppIcon;
				FRAMEWORK_SEARCH_PATHS = (
					"$(inherited)",
					"$(PROJECT_DIR)",
				);
				INFOPLIST_FILE = Source/Info.plist;
				LD_RUNPATH_SEARCH_PATHS = "$(inherited) @executable_path/Frameworks";
				PRODUCT_BUNDLE_IDENTIFIER = "com.brunosSofware.Aplazame-ios-sdk-demo";
				PRODUCT_NAME = "$(TARGET_NAME)";
				SWIFT_VERSION = 4.0;
				TARGETED_DEVICE_FAMILY = "1,2";
			};
			name = Debug;
		};
		DD886F0C1CDE090700B076C6 /* Release */ = {
			isa = XCBuildConfiguration;
			buildSettings = {
				ASSETCATALOG_COMPILER_APPICON_NAME = AppIcon;
				FRAMEWORK_SEARCH_PATHS = (
					"$(inherited)",
					"$(PROJECT_DIR)",
				);
				INFOPLIST_FILE = Source/Info.plist;
				LD_RUNPATH_SEARCH_PATHS = "$(inherited) @executable_path/Frameworks";
				PRODUCT_BUNDLE_IDENTIFIER = "com.brunosSofware.Aplazame-ios-sdk-demo";
				PRODUCT_NAME = "$(TARGET_NAME)";
				SWIFT_VERSION = 4.0;
				TARGETED_DEVICE_FAMILY = "1,2";
			};
			name = Release;
		};
/* End XCBuildConfiguration section */

/* Begin XCConfigurationList section */
		DD886EDD1CDE090600B076C6 /* Build configuration list for PBXProject "Aplazame-ios-sdk-demo" */ = {
			isa = XCConfigurationList;
			buildConfigurations = (
				DD886F081CDE090700B076C6 /* Debug */,
				DD886F091CDE090700B076C6 /* Release */,
			);
			defaultConfigurationIsVisible = 0;
			defaultConfigurationName = Release;
		};
		DD886F0A1CDE090700B076C6 /* Build configuration list for PBXNativeTarget "Aplazame-ios-sdk-demo" */ = {
			isa = XCConfigurationList;
			buildConfigurations = (
				DD886F0B1CDE090700B076C6 /* Debug */,
				DD886F0C1CDE090700B076C6 /* Release */,
			);
			defaultConfigurationIsVisible = 0;
			defaultConfigurationName = Release;
		};
/* End XCConfigurationList section */
	};
	rootObject = DD886EDA1CDE090600B076C6 /* Project object */;
}
